# THIS IS AN AUTOGENERATED FILE. DO NOT EDIT THIS FILE DIRECTLY.
# yarn lockfile v1


papaparse@^5.3.1:
  version "5.3.1"
  resolved "https://registry.npmjs.org/papaparse/-/papaparse-5.3.1.tgz"
  integrity sha512-Dbt2yjLJrCwH2sRqKFFJaN5XgIASO9YOFeFP8rIBRG2Ain8mqk5r1M6DkfvqEVozVcz3r3HaUGw253hA1nLIcA==

radio-buttons-react-native@^1.0.4:
  version "1.0.4"
  resolved "https://registry.npmjs.org/radio-buttons-react-native/-/radio-buttons-react-native-1.0.4.tgz"
  integrity sha512-5AKM/p3a9mykQ1BCIbBnHrDwXZZ6iJuDEDFaiNb2Pa2Nx9EgUMgU5owcrU9g9eaK7didA5rJ3yAUKGnyfhBqcw==

react-scroll-to-top@^1.0.5:
  version "1.0.5"
  resolved "https://registry.npmjs.org/react-scroll-to-top/-/react-scroll-to-top-1.0.5.tgz"
  integrity sha512-e7n5LJXpUG9/gnHMHqrGY2UBebpqVaPpAnF4kLuR/e+SRtAGr+4UStvGsCiv6XBOC+dRyTe7ZbjdV9FaPdgUfg==
